{
  "originHash" : "a990c34555e486515b8934e5a2b850643c8c3cd91219fda9261f719367b74358",
  "pins" : [
    {
      "identity" : "swift-updater",
      "kind" : "remoteSourceControl",
      "location" : "https://github.com/jochenbernard/swift-updater",
      "state" : {
        "branch" : "main",
        "revision" : "3301f255e4305c83755cfcd7f823a90f4d3b7e80"
      }
    },
    {
      "identity" : "swiftlintplugins",
      "kind" : "remoteSourceControl",
      "location" : "https://github.com/SimplyDanny/SwiftLintPlugins",
      "state" : {
        "revision" : "8545ddf4de043e6f2051c5cf204f39ef778ebf6b",
        "version" : "0.59.1"
      }
    }
  ],
  "version" : 3
}
